
Microsoft Visual Studio Solution File, Format Version 12.00
# Visual Studio Version 17
VisualStudioVersion = 17.8.34330.188
MinimumVisualStudioVersion = 10.0.40219.1
Project("{FAE04EC0-301F-11D3-BF4B-00C04F79EFBC}") = "ReturnValueMethods", "ReturnValueMethods\ReturnValueMethods.csproj", "{220A480E-2F55-4AC3-BFBA-54B3B63D9247}"
EndProject
Global
	GlobalSection(SolutionConfigurationPlatforms) = preSolution
		Debug|Any CPU = Debug|Any CPU
		Release|Any CPU = Release|Any CPU
	EndGlobalSection
	GlobalSection(ProjectConfigurationPlatforms) = postSolution
		{220A480E-2F55-4AC3-BFBA-54B3B63D9247}.Debug|Any CPU.ActiveCfg = Debug|Any CPU
		{220A480E-2F55-4AC3-BFBA-54B3B63D9247}.Debug|Any CPU.Build.0 = Debug|Any CPU
		{220A480E-2F55-4AC3-BFBA-54B3B63D9247}.Release|Any CPU.ActiveCfg = Release|Any CPU
		{220A480E-2F55-4AC3-BFBA-54B3B63D9247}.Release|Any CPU.Build.0 = Release|Any CPU
	EndGlobalSection
	GlobalSection(SolutionProperties) = preSolution
		HideSolutionNode = FALSE
	EndGlobalSection
	GlobalSection(ExtensibilityGlobals) = postSolution
		SolutionGuid = {53F2BB26-2814-4E2E-987D-5B574246495B}
	EndGlobalSection
EndGlobal
