
Microsoft Visual Studio Solution File, Format Version 12.00
# Visual Studio Version 17
VisualStudioVersion = 17.8.34330.188
MinimumVisualStudioVersion = 10.0.40219.1
Project("{FAE04EC0-301F-11D3-BF4B-00C04F79EFBC}") = "SpecialCharacterString", "SpecialCharacterString\SpecialCharacterString.csproj", "{7EB1F67F-55B1-494A-BF67-7A55BD4BB000}"
EndProject
Global
	GlobalSection(SolutionConfigurationPlatforms) = preSolution
		Debug|Any CPU = Debug|Any CPU
		Release|Any CPU = Release|Any CPU
	EndGlobalSection
	GlobalSection(ProjectConfigurationPlatforms) = postSolution
		{7EB1F67F-55B1-494A-BF67-7A55BD4BB000}.Debug|Any CPU.ActiveCfg = Debug|Any CPU
		{7EB1F67F-55B1-494A-BF67-7A55BD4BB000}.Debug|Any CPU.Build.0 = Debug|Any CPU
		{7EB1F67F-55B1-494A-BF67-7A55BD4BB000}.Release|Any CPU.ActiveCfg = Release|Any CPU
		{7EB1F67F-55B1-494A-BF67-7A55BD4BB000}.Release|Any CPU.Build.0 = Release|Any CPU
	EndGlobalSection
	GlobalSection(SolutionProperties) = preSolution
		HideSolutionNode = FALSE
	EndGlobalSection
	GlobalSection(ExtensibilityGlobals) = postSolution
		SolutionGuid = {8493BEFD-0A57-4FED-AA83-828C88DA0A1F}
	EndGlobalSection
EndGlobal
